
Microsoft Visual Studio Solution File, Format Version 12.00
# Visual Studio 15
VisualStudioVersion = 15.0.27004.2002
MinimumVisualStudioVersion = 10.0.40219.1
Project("{FAE04EC0-301F-11D3-BF4B-00C04F79EFBC}") = "PWA", "PWA\PWA.csproj", "{941EE2C0-F5DF-4965-B410-D84C89F95055}"
EndProject
Global
	GlobalSection(SolutionConfigurationPlatforms) = preSolution
		Debug|Any CPU = Debug|Any CPU
		Release|Any CPU = Release|Any CPU
	EndGlobalSection
	GlobalSection(ProjectConfigurationPlatforms) = postSolution
		{941EE2C0-F5DF-4965-B410-D84C89F95055}.Debug|Any CPU.ActiveCfg = Debug|Any CPU
		{941EE2C0-F5DF-4965-B410-D84C89F95055}.Debug|Any CPU.Build.0 = Debug|Any CPU
		{941EE2C0-F5DF-4965-B410-D84C89F95055}.Release|Any CPU.ActiveCfg = Release|Any CPU
		{941EE2C0-F5DF-4965-B410-D84C89F95055}.Release|Any CPU.Build.0 = Release|Any CPU
	EndGlobalSection
	GlobalSection(SolutionProperties) = preSolution
		HideSolutionNode = FALSE
	EndGlobalSection
	GlobalSection(ExtensibilityGlobals) = postSolution
		SolutionGuid = {527811F8-EAFB-4426-9F65-33E5DE598AAA}
	EndGlobalSection
EndGlobal
